{
  "name": "zhuobu-valina",
  "version": "0.0.1",
  "lockfileVersion": 3,
  "requires": true,
  "packages": {
    "": {
      "name": "zhuobu-valina",
      "version": "0.0.1",
      "license": "ISC",
      "dependencies": {
        "gl-matrix": "^3.4.3",
        "polyline-normals": "^2.0.2"
      },
      "devDependencies": {
        "esbuild": "^0.21.5",
        "minigame-api-typings": "^3.8.4"
      }
    },
    "../bitECS": {
      "name": "bitecs",
      "version": "0.4.0",
      "extraneous": true,
      "license": "MPL-2.0",
      "devDependencies": {
        "esbuild": "^0.23.1",
        "vitest": "^2.0.5"
      }
    },
    "node_modules/@esbuild/darwin-x64": {
      "version": "0.21.5",
      "resolved": "https://registry.npmmirror.com/@esbuild/darwin-x64/-/darwin-x64-0.21.5.tgz",
      "integrity": "sha512-se/JjF8NlmKVG4kNIuyWMV/22ZaerB+qaSi5MdrXtd6R08kvs2qCN4C09miupktDitvh8jRFflwGFBQcxZRjbw==",
      "cpu": [
        "x64"
      ],
      "dev": true,
      "optional": true,
      "os": [
        "darwin"
      ],
      "engines": {
        "node": ">=12"
      }
    },
    "node_modules/esbuild": {
      "version": "0.21.5",
      "resolved": "https://registry.npmmirror.com/esbuild/-/esbuild-0.21.5.tgz",
      "integrity": "sha512-mg3OPMV4hXywwpoDxu3Qda5xCKQi+vCTZq8S9J/EpkhB2HzKXq4SNFZE3+NK93JYxc8VMSep+lOUSC/RVKaBqw==",
      "dev": true,
      "hasInstallScript": true,
      "bin": {
        "esbuild": "bin/esbuild"
      },
      "engines": {
        "node": ">=12"
      },
      "optionalDependencies": {
        "@esbuild/aix-ppc64": "0.21.5",
        "@esbuild/android-arm": "0.21.5",
        "@esbuild/android-arm64": "0.21.5",
        "@esbuild/android-x64": "0.21.5",
        "@esbuild/darwin-arm64": "0.21.5",
        "@esbuild/darwin-x64": "0.21.5",
        "@esbuild/freebsd-arm64": "0.21.5",
        "@esbuild/freebsd-x64": "0.21.5",
        "@esbuild/linux-arm": "0.21.5",
        "@esbuild/linux-arm64": "0.21.5",
        "@esbuild/linux-ia32": "0.21.5",
        "@esbuild/linux-loong64": "0.21.5",
        "@esbuild/linux-mips64el": "0.21.5",
        "@esbuild/linux-ppc64": "0.21.5",
        "@esbuild/linux-riscv64": "0.21.5",
        "@esbuild/linux-s390x": "0.21.5",
        "@esbuild/linux-x64": "0.21.5",
        "@esbuild/netbsd-x64": "0.21.5",
        "@esbuild/openbsd-x64": "0.21.5",
        "@esbuild/sunos-x64": "0.21.5",
        "@esbuild/win32-arm64": "0.21.5",
        "@esbuild/win32-ia32": "0.21.5",
        "@esbuild/win32-x64": "0.21.5"
      }
    },
    "node_modules/gl-matrix": {
      "version": "3.4.3",
      "resolved": "https://registry.npmmirror.com/gl-matrix/-/gl-matrix-3.4.3.tgz",
      "integrity": "sha512-wcCp8vu8FT22BnvKVPjXa/ICBWRq/zjFfdofZy1WSpQZpphblv12/bOQLBC1rMM7SGOFS9ltVmKOHil5+Ml7gA=="
    },
    "node_modules/gl-vec2": {
      "version": "1.3.0",
      "resolved": "https://registry.npmmirror.com/gl-vec2/-/gl-vec2-1.3.0.tgz",
      "integrity": "sha512-YiqaAuNsheWmUV0Sa8k94kBB0D6RWjwZztyO+trEYS8KzJ6OQB/4686gdrf59wld4hHFIvaxynO3nRxpk1Ij/A=="
    },
    "node_modules/minigame-api-typings": {
      "version": "3.8.5",
      "resolved": "https://registry.npmmirror.com/minigame-api-typings/-/minigame-api-typings-3.8.5.tgz",
      "integrity": "sha512-WLJw0St5zFeY5mPJBOte8NF4RVsJ+G7qchqz7NYv1vC4tOhTbdUP1hk0cdywFPAxN2mDxzYXgltsVKJLc/JDYA==",
      "dev": true
    },
    "node_modules/polyline-miter-util": {
      "version": "1.0.1",
      "resolved": "https://registry.npmmirror.com/polyline-miter-util/-/polyline-miter-util-1.0.1.tgz",
      "integrity": "sha512-/3u91zz6mBerBZo6qnOJOTjv7EfPhKtsV028jMyj86YpzLRNmCCFfrX7IO9tCEQ2W4x45yc+vKOezjf7u2Nd6Q==",
      "dependencies": {
        "gl-vec2": "^1.0.0"
      }
    },
    "node_modules/polyline-normals": {
      "version": "2.0.2",
      "resolved": "https://registry.npmmirror.com/polyline-normals/-/polyline-normals-2.0.2.tgz",
      "integrity": "sha512-dpHrAi61ymhsB4N0XlNb3YpkKJeTFnXBXDWpeH8Ucstq0TUZrCN3YK4Jlgk8ofMWN25lhGC4wnxLMv+TUK8rig==",
      "dependencies": {
        "polyline-miter-util": "^1.0.1"
      }
    }
  }
}
